
Microsoft Visual Studio Solution File, Format Version 12.00
# Visual Studio 15
VisualStudioVersion = 15.0.28307.539
MinimumVisualStudioVersion = 10.0.40219.1
Project("{9A19103F-16F7-4668-BE54-9A1E7A4F7556}") = "messaging", "messaging\messaging.csproj", "{042DB2BF-705E-4423-BA51-A39416C5649B}"
EndProject
Project("{9A19103F-16F7-4668-BE54-9A1E7A4F7556}") = "carRace", "carRace\carRace.csproj", "{F7721443-7199-4A10-B203-6AB2F5E3EE9F}"
EndProject
Project("{9A19103F-16F7-4668-BE54-9A1E7A4F7556}") = "takeSkipRope", "takeSkipRope\takeSkipRope.csproj", "{F3FA7BE1-764B-4458-9AFF-7A2B5651D32A}"
EndProject
Project("{9A19103F-16F7-4668-BE54-9A1E7A4F7556}") = "mixedUpLists", "mixedUpLists\mixedUpLists.csproj", "{03693F0B-6460-46F1-8F7E-774DEB12A770}"
EndProject
Project("{FAE04EC0-301F-11D3-BF4B-00C04F79EFBC}") = "DrumSet", "DrumSet\DrumSet.csproj", "{BA78C9AA-2A9F-4D0D-9955-34E4526123F4}"
EndProject
Global
	GlobalSection(SolutionConfigurationPlatforms) = preSolution
		Debug|Any CPU = Debug|Any CPU
		Release|Any CPU = Release|Any CPU
	EndGlobalSection
	GlobalSection(ProjectConfigurationPlatforms) = postSolution
		{042DB2BF-705E-4423-BA51-A39416C5649B}.Debug|Any CPU.ActiveCfg = Debug|Any CPU
		{042DB2BF-705E-4423-BA51-A39416C5649B}.Debug|Any CPU.Build.0 = Debug|Any CPU
		{042DB2BF-705E-4423-BA51-A39416C5649B}.Release|Any CPU.ActiveCfg = Release|Any CPU
		{042DB2BF-705E-4423-BA51-A39416C5649B}.Release|Any CPU.Build.0 = Release|Any CPU
		{F7721443-7199-4A10-B203-6AB2F5E3EE9F}.Debug|Any CPU.ActiveCfg = Debug|Any CPU
		{F7721443-7199-4A10-B203-6AB2F5E3EE9F}.Debug|Any CPU.Build.0 = Debug|Any CPU
		{F7721443-7199-4A10-B203-6AB2F5E3EE9F}.Release|Any CPU.ActiveCfg = Release|Any CPU
		{F7721443-7199-4A10-B203-6AB2F5E3EE9F}.Release|Any CPU.Build.0 = Release|Any CPU
		{F3FA7BE1-764B-4458-9AFF-7A2B5651D32A}.Debug|Any CPU.ActiveCfg = Debug|Any CPU
		{F3FA7BE1-764B-4458-9AFF-7A2B5651D32A}.Debug|Any CPU.Build.0 = Debug|Any CPU
		{F3FA7BE1-764B-4458-9AFF-7A2B5651D32A}.Release|Any CPU.ActiveCfg = Release|Any CPU
		{F3FA7BE1-764B-4458-9AFF-7A2B5651D32A}.Release|Any CPU.Build.0 = Release|Any CPU
		{03693F0B-6460-46F1-8F7E-774DEB12A770}.Debug|Any CPU.ActiveCfg = Debug|Any CPU
		{03693F0B-6460-46F1-8F7E-774DEB12A770}.Debug|Any CPU.Build.0 = Debug|Any CPU
		{03693F0B-6460-46F1-8F7E-774DEB12A770}.Release|Any CPU.ActiveCfg = Release|Any CPU
		{03693F0B-6460-46F1-8F7E-774DEB12A770}.Release|Any CPU.Build.0 = Release|Any CPU
		{BA78C9AA-2A9F-4D0D-9955-34E4526123F4}.Debug|Any CPU.ActiveCfg = Debug|Any CPU
		{BA78C9AA-2A9F-4D0D-9955-34E4526123F4}.Debug|Any CPU.Build.0 = Debug|Any CPU
		{BA78C9AA-2A9F-4D0D-9955-34E4526123F4}.Release|Any CPU.ActiveCfg = Release|Any CPU
		{BA78C9AA-2A9F-4D0D-9955-34E4526123F4}.Release|Any CPU.Build.0 = Release|Any CPU
	EndGlobalSection
	GlobalSection(SolutionProperties) = preSolution
		HideSolutionNode = FALSE
	EndGlobalSection
	GlobalSection(ExtensibilityGlobals) = postSolution
		SolutionGuid = {48C0F938-DF4D-4848-A013-126D7EB59F63}
	EndGlobalSection
EndGlobal
