
Microsoft Visual Studio Solution File, Format Version 12.00
# Visual Studio 15
VisualStudioVersion = 15.0.28307.329
MinimumVisualStudioVersion = 10.0.40219.1
Project("{FAE04EC0-301F-11D3-BF4B-00C04F79EFBC}") = "sortNumbers", "sortNumbers\sortNumbers.csproj", "{760E2EA9-9F68-4D6C-B572-DCB9E0419D26}"
EndProject
Project("{FAE04EC0-301F-11D3-BF4B-00C04F79EFBC}") = "englishNameOfLastDigit", "englishNameOfLastDigit\englishNameOfLastDigit.csproj", "{859CFE31-BF7F-44AF-AC33-A90520D4441E}"
EndProject
Project("{FAE04EC0-301F-11D3-BF4B-00C04F79EFBC}") = "reverseString", "reverseString\reverseString.csproj", "{BA1CDF6B-A013-4DEC-9796-D3E45A733671}"
EndProject
Project("{FAE04EC0-301F-11D3-BF4B-00C04F79EFBC}") = "messages", "messages\messages.csproj", "{5852FF65-2AEC-4144-9AD6-CF7153627031}"
EndProject
Project("{FAE04EC0-301F-11D3-BF4B-00C04F79EFBC}") = "gamingStore", "gamingStore\gamingStore.csproj", "{0C0C8416-023D-4657-B462-3BB55520CDDF}"
EndProject
Global
	GlobalSection(SolutionConfigurationPlatforms) = preSolution
		Debug|Any CPU = Debug|Any CPU
		Release|Any CPU = Release|Any CPU
	EndGlobalSection
	GlobalSection(ProjectConfigurationPlatforms) = postSolution
		{760E2EA9-9F68-4D6C-B572-DCB9E0419D26}.Debug|Any CPU.ActiveCfg = Debug|Any CPU
		{760E2EA9-9F68-4D6C-B572-DCB9E0419D26}.Debug|Any CPU.Build.0 = Debug|Any CPU
		{760E2EA9-9F68-4D6C-B572-DCB9E0419D26}.Release|Any CPU.ActiveCfg = Release|Any CPU
		{760E2EA9-9F68-4D6C-B572-DCB9E0419D26}.Release|Any CPU.Build.0 = Release|Any CPU
		{859CFE31-BF7F-44AF-AC33-A90520D4441E}.Debug|Any CPU.ActiveCfg = Debug|Any CPU
		{859CFE31-BF7F-44AF-AC33-A90520D4441E}.Debug|Any CPU.Build.0 = Debug|Any CPU
		{859CFE31-BF7F-44AF-AC33-A90520D4441E}.Release|Any CPU.ActiveCfg = Release|Any CPU
		{859CFE31-BF7F-44AF-AC33-A90520D4441E}.Release|Any CPU.Build.0 = Release|Any CPU
		{BA1CDF6B-A013-4DEC-9796-D3E45A733671}.Debug|Any CPU.ActiveCfg = Debug|Any CPU
		{BA1CDF6B-A013-4DEC-9796-D3E45A733671}.Debug|Any CPU.Build.0 = Debug|Any CPU
		{BA1CDF6B-A013-4DEC-9796-D3E45A733671}.Release|Any CPU.ActiveCfg = Release|Any CPU
		{BA1CDF6B-A013-4DEC-9796-D3E45A733671}.Release|Any CPU.Build.0 = Release|Any CPU
		{5852FF65-2AEC-4144-9AD6-CF7153627031}.Debug|Any CPU.ActiveCfg = Debug|Any CPU
		{5852FF65-2AEC-4144-9AD6-CF7153627031}.Debug|Any CPU.Build.0 = Debug|Any CPU
		{5852FF65-2AEC-4144-9AD6-CF7153627031}.Release|Any CPU.ActiveCfg = Release|Any CPU
		{5852FF65-2AEC-4144-9AD6-CF7153627031}.Release|Any CPU.Build.0 = Release|Any CPU
		{0C0C8416-023D-4657-B462-3BB55520CDDF}.Debug|Any CPU.ActiveCfg = Debug|Any CPU
		{0C0C8416-023D-4657-B462-3BB55520CDDF}.Debug|Any CPU.Build.0 = Debug|Any CPU
		{0C0C8416-023D-4657-B462-3BB55520CDDF}.Release|Any CPU.ActiveCfg = Release|Any CPU
		{0C0C8416-023D-4657-B462-3BB55520CDDF}.Release|Any CPU.Build.0 = Release|Any CPU
	EndGlobalSection
	GlobalSection(SolutionProperties) = preSolution
		HideSolutionNode = FALSE
	EndGlobalSection
	GlobalSection(ExtensibilityGlobals) = postSolution
		SolutionGuid = {B2B9A6AF-35BB-45C2-A1B9-24F9D42F6236}
	EndGlobalSection
EndGlobal
