
Microsoft Visual Studio Solution File, Format Version 12.00
# Visual Studio 15
VisualStudioVersion = 15.0.28307.329
MinimumVisualStudioVersion = 10.0.40219.1
Project("{FAE04EC0-301F-11D3-BF4B-00C04F79EFBC}") = "train", "train\train.csproj", "{C12BAE54-7556-4B27-92D2-24524EAE393C}"
EndProject
Project("{FAE04EC0-301F-11D3-BF4B-00C04F79EFBC}") = "commonElements", "commonElements\commonElements.csproj", "{339DAB01-AD34-4869-9C86-36F09D88755F}"
EndProject
Project("{FAE04EC0-301F-11D3-BF4B-00C04F79EFBC}") = "zigZag", "zigZag\zigZag.csproj", "{48CA59EC-ECBD-4971-8006-4D4A8235F25A}"
EndProject
Project("{FAE04EC0-301F-11D3-BF4B-00C04F79EFBC}") = "arrayRotation", "arrayRotation\arrayRotation.csproj", "{8EF504C7-831A-4182-B625-05885784B142}"
EndProject
Project("{FAE04EC0-301F-11D3-BF4B-00C04F79EFBC}") = "topIntegers", "topIntegers\topIntegers.csproj", "{9EFA9642-76CE-490E-9A72-05869E230F64}"
EndProject
Project("{FAE04EC0-301F-11D3-BF4B-00C04F79EFBC}") = "equalSums", "equalSums\equalSums.csproj", "{3D0B8F3F-E562-49E4-9044-3C4E606120D3}"
EndProject
Project("{FAE04EC0-301F-11D3-BF4B-00C04F79EFBC}") = "maxSequenceOfElements", "maxSequenceOfElements\maxSequenceOfElements.csproj", "{6A14C159-C38F-4328-970B-F60DE92FEF13}"
EndProject
Project("{FAE04EC0-301F-11D3-BF4B-00C04F79EFBC}") = "magicSum", "magicSum\magicSum.csproj", "{8121A474-19AE-4251-ACC8-4669A55456B6}"
EndProject
Project("{FAE04EC0-301F-11D3-BF4B-00C04F79EFBC}") = "Kamino", "Kamino\Kamino.csproj", "{EC96FB6D-9152-43D4-8D2C-B06B4CAA078E}"
EndProject
Project("{FAE04EC0-301F-11D3-BF4B-00C04F79EFBC}") = "ladybug", "ladybug\ladybug.csproj", "{C5B35646-F54B-4D13-95A4-2E82E0B46ED0}"
EndProject
Project("{FAE04EC0-301F-11D3-BF4B-00C04F79EFBC}") = "test", "test\test.csproj", "{41C5AB83-DA16-4C37-BB86-1C3661F57A51}"
EndProject
Global
	GlobalSection(SolutionConfigurationPlatforms) = preSolution
		Debug|Any CPU = Debug|Any CPU
		Release|Any CPU = Release|Any CPU
	EndGlobalSection
	GlobalSection(ProjectConfigurationPlatforms) = postSolution
		{C12BAE54-7556-4B27-92D2-24524EAE393C}.Debug|Any CPU.ActiveCfg = Debug|Any CPU
		{C12BAE54-7556-4B27-92D2-24524EAE393C}.Debug|Any CPU.Build.0 = Debug|Any CPU
		{C12BAE54-7556-4B27-92D2-24524EAE393C}.Release|Any CPU.ActiveCfg = Release|Any CPU
		{C12BAE54-7556-4B27-92D2-24524EAE393C}.Release|Any CPU.Build.0 = Release|Any CPU
		{339DAB01-AD34-4869-9C86-36F09D88755F}.Debug|Any CPU.ActiveCfg = Debug|Any CPU
		{339DAB01-AD34-4869-9C86-36F09D88755F}.Debug|Any CPU.Build.0 = Debug|Any CPU
		{339DAB01-AD34-4869-9C86-36F09D88755F}.Release|Any CPU.ActiveCfg = Release|Any CPU
		{339DAB01-AD34-4869-9C86-36F09D88755F}.Release|Any CPU.Build.0 = Release|Any CPU
		{48CA59EC-ECBD-4971-8006-4D4A8235F25A}.Debug|Any CPU.ActiveCfg = Debug|Any CPU
		{48CA59EC-ECBD-4971-8006-4D4A8235F25A}.Debug|Any CPU.Build.0 = Debug|Any CPU
		{48CA59EC-ECBD-4971-8006-4D4A8235F25A}.Release|Any CPU.ActiveCfg = Release|Any CPU
		{48CA59EC-ECBD-4971-8006-4D4A8235F25A}.Release|Any CPU.Build.0 = Release|Any CPU
		{8EF504C7-831A-4182-B625-05885784B142}.Debug|Any CPU.ActiveCfg = Debug|Any CPU
		{8EF504C7-831A-4182-B625-05885784B142}.Debug|Any CPU.Build.0 = Debug|Any CPU
		{8EF504C7-831A-4182-B625-05885784B142}.Release|Any CPU.ActiveCfg = Release|Any CPU
		{8EF504C7-831A-4182-B625-05885784B142}.Release|Any CPU.Build.0 = Release|Any CPU
		{9EFA9642-76CE-490E-9A72-05869E230F64}.Debug|Any CPU.ActiveCfg = Debug|Any CPU
		{9EFA9642-76CE-490E-9A72-05869E230F64}.Debug|Any CPU.Build.0 = Debug|Any CPU
		{9EFA9642-76CE-490E-9A72-05869E230F64}.Release|Any CPU.ActiveCfg = Release|Any CPU
		{9EFA9642-76CE-490E-9A72-05869E230F64}.Release|Any CPU.Build.0 = Release|Any CPU
		{3D0B8F3F-E562-49E4-9044-3C4E606120D3}.Debug|Any CPU.ActiveCfg = Debug|Any CPU
		{3D0B8F3F-E562-49E4-9044-3C4E606120D3}.Debug|Any CPU.Build.0 = Debug|Any CPU
		{3D0B8F3F-E562-49E4-9044-3C4E606120D3}.Release|Any CPU.ActiveCfg = Release|Any CPU
		{3D0B8F3F-E562-49E4-9044-3C4E606120D3}.Release|Any CPU.Build.0 = Release|Any CPU
		{6A14C159-C38F-4328-970B-F60DE92FEF13}.Debug|Any CPU.ActiveCfg = Debug|Any CPU
		{6A14C159-C38F-4328-970B-F60DE92FEF13}.Debug|Any CPU.Build.0 = Debug|Any CPU
		{6A14C159-C38F-4328-970B-F60DE92FEF13}.Release|Any CPU.ActiveCfg = Release|Any CPU
		{6A14C159-C38F-4328-970B-F60DE92FEF13}.Release|Any CPU.Build.0 = Release|Any CPU
		{8121A474-19AE-4251-ACC8-4669A55456B6}.Debug|Any CPU.ActiveCfg = Debug|Any CPU
		{8121A474-19AE-4251-ACC8-4669A55456B6}.Debug|Any CPU.Build.0 = Debug|Any CPU
		{8121A474-19AE-4251-ACC8-4669A55456B6}.Release|Any CPU.ActiveCfg = Release|Any CPU
		{8121A474-19AE-4251-ACC8-4669A55456B6}.Release|Any CPU.Build.0 = Release|Any CPU
		{EC96FB6D-9152-43D4-8D2C-B06B4CAA078E}.Debug|Any CPU.ActiveCfg = Debug|Any CPU
		{EC96FB6D-9152-43D4-8D2C-B06B4CAA078E}.Debug|Any CPU.Build.0 = Debug|Any CPU
		{EC96FB6D-9152-43D4-8D2C-B06B4CAA078E}.Release|Any CPU.ActiveCfg = Release|Any CPU
		{EC96FB6D-9152-43D4-8D2C-B06B4CAA078E}.Release|Any CPU.Build.0 = Release|Any CPU
		{C5B35646-F54B-4D13-95A4-2E82E0B46ED0}.Debug|Any CPU.ActiveCfg = Debug|Any CPU
		{C5B35646-F54B-4D13-95A4-2E82E0B46ED0}.Debug|Any CPU.Build.0 = Debug|Any CPU
		{C5B35646-F54B-4D13-95A4-2E82E0B46ED0}.Release|Any CPU.ActiveCfg = Release|Any CPU
		{C5B35646-F54B-4D13-95A4-2E82E0B46ED0}.Release|Any CPU.Build.0 = Release|Any CPU
		{41C5AB83-DA16-4C37-BB86-1C3661F57A51}.Debug|Any CPU.ActiveCfg = Debug|Any CPU
		{41C5AB83-DA16-4C37-BB86-1C3661F57A51}.Debug|Any CPU.Build.0 = Debug|Any CPU
		{41C5AB83-DA16-4C37-BB86-1C3661F57A51}.Release|Any CPU.ActiveCfg = Release|Any CPU
		{41C5AB83-DA16-4C37-BB86-1C3661F57A51}.Release|Any CPU.Build.0 = Release|Any CPU
	EndGlobalSection
	GlobalSection(SolutionProperties) = preSolution
		HideSolutionNode = FALSE
	EndGlobalSection
	GlobalSection(ExtensibilityGlobals) = postSolution
		SolutionGuid = {C13A90D1-28C3-4FC8-914A-A9FB148A6FE7}
	EndGlobalSection
EndGlobal
